
Microsoft Visual Studio Solution File, Format Version 12.00
# Visual Studio Version 16
VisualStudioVersion = 16.0.31205.134
MinimumVisualStudioVersion = 10.0.40219.1
Project("{2150E333-8FDC-42A3-9474-1A3956D46DE8}") = "LabWorking01", "LabWorking01", "{52A545CA-B6B9-4063-ABF2-A6511783D9A8}"
EndProject
Project("{2150E333-8FDC-42A3-9474-1A3956D46DE8}") = "LabWorking02", "LabWorking02", "{33D2654F-CD91-4335-903B-108644DF1D25}"
EndProject
Project("{2150E333-8FDC-42A3-9474-1A3956D46DE8}") = "LabWorking03", "LabWorking03", "{0DE0B794-41E0-4A54-A60B-9EDEBBCA6195}"
EndProject
Project("{2150E333-8FDC-42A3-9474-1A3956D46DE8}") = "LabWorking04", "LabWorking04", "{8F5D92CE-A4CD-4033-BADA-ED78FD5814B9}"
EndProject
Project("{2150E333-8FDC-42A3-9474-1A3956D46DE8}") = "LabWorking05", "LabWorking05", "{1E9BD57D-12AE-4B3A-839C-E6A4EF7EDE22}"
EndProject
Project("{2150E333-8FDC-42A3-9474-1A3956D46DE8}") = "LabWorking06", "LabWorking06", "{6C80AE0B-94AF-4170-9462-51AD7B533177}"
EndProject
Project("{FAE04EC0-301F-11D3-BF4B-00C04F79EFBC}") = "Exercise3.NavigationWindow", "LabWorking1\Exercise3.NavigationWindow\Exercise3.NavigationWindow.csproj", "{C6799426-5D6A-406A-AF8E-7B78254774B1}"
EndProject
Project("{FAE04EC0-301F-11D3-BF4B-00C04F79EFBC}") = "Exercise1.DockPanel", "LabWorking2\Exercise1.DockPanel\Exercise1.DockPanel.csproj", "{78B1012B-A152-4EE5-B6C9-8EF1D210C034}"
EndProject
Project("{FAE04EC0-301F-11D3-BF4B-00C04F79EFBC}") = "Exercise2.InterfaceСustomization", "LabWorking2\Exercise2.InterfaceСustomization\Exercise2.InterfaceСustomization.csproj", "{B7723D3D-AAA9-4961-897B-926A078CFA03}"
EndProject
Project("{FAE04EC0-301F-11D3-BF4B-00C04F79EFBC}") = "Exercise1.RoutedEvent", "LabWorking3\Exercise1.RoutedEvent\Exercise1.RoutedEvent.csproj", "{EF94D568-32C6-497D-8125-3EB0E471B12A}"
EndProject
Project("{FAE04EC0-301F-11D3-BF4B-00C04F79EFBC}") = "Exercise2.RoutedEvent2", "LabWorking3\Exercise2.RoutedEvent2\Exercise2.RoutedEvent2.csproj", "{6B8C78AB-5D89-4BEE-9231-6EA32EAB40BC}"
EndProject
Project("{FAE04EC0-301F-11D3-BF4B-00C04F79EFBC}") = "Exercise3.RoutedEvent3", "LabWorking3\Exercise3.RoutedEvent3\Exercise3.RoutedEvent3.csproj", "{B1E85C6C-623B-461B-B11A-BFDCB8B6A863}"
EndProject
Project("{FAE04EC0-301F-11D3-BF4B-00C04F79EFBC}") = "Exercise1.ApplicationCommands", "LabWorking4\Exercise1.ApplicationCommands\Exercise1.ApplicationCommands.csproj", "{0FB4BD0C-32CE-48FF-8D9E-EB45081D19EA}"
EndProject
Project("{FAE04EC0-301F-11D3-BF4B-00C04F79EFBC}") = "Exercise2.RoutedUICommand", "LabWorking4\Exercise2.RoutedUICommand\Exercise2.RoutedUICommand.csproj", "{FA75F5B4-E097-490E-8E43-FFC52B5540A3}"
EndProject
Project("{FAE04EC0-301F-11D3-BF4B-00C04F79EFBC}") = "Exercise1.Style", "LabWorking5\Exercise1.Style\Exercise1.Style.csproj", "{E37D28D8-D7D5-4752-9037-CC73480E9DD2}"
EndProject
Project("{FAE04EC0-301F-11D3-BF4B-00C04F79EFBC}") = "Exercise2.ControlTemplate", "LabWorking5\Exercise2.ControlTemplate\Exercise2.ControlTemplate.csproj", "{F02AE086-31DD-4ED3-BEBA-A1D152977FFE}"
EndProject
Project("{FAE04EC0-301F-11D3-BF4B-00C04F79EFBC}") = "Exercise1.Trigger", "LabWorking6\Exercise1.Trigger\Exercise1.Trigger.csproj", "{51D4BB7E-C21D-456A-AEBD-8C26DD62418F}"
EndProject
Project("{FAE04EC0-301F-11D3-BF4B-00C04F79EFBC}") = "Exercise2.Animation", "LabWorking6\Exercise2.Animation\Exercise2.Animation.csproj", "{0AF7F870-2DE4-466C-9EC1-20B57B8BAF33}"
EndProject
Project("{2150E333-8FDC-42A3-9474-1A3956D46DE8}") = "LabWorking07", "LabWorking07", "{38454909-B640-4C53-AD28-348E17926CD5}"
EndProject
Project("{2150E333-8FDC-42A3-9474-1A3956D46DE8}") = "LabWorking10", "LabWorking10", "{3BEA152B-BCC6-4E27-B471-CCD54FBEE667}"
EndProject
Project("{2150E333-8FDC-42A3-9474-1A3956D46DE8}") = "LabWorking11", "LabWorking11", "{54B53483-232A-4B17-845F-F55BA657A608}"
EndProject
Project("{2150E333-8FDC-42A3-9474-1A3956D46DE8}") = "LabWorking12", "LabWorking12", "{73972DF7-4D40-470E-9702-D28436665DA6}"
EndProject
Project("{FAE04EC0-301F-11D3-BF4B-00C04F79EFBC}") = "Exercise1.Themes", "LabWorking7\Exercise1.Themes\Exercise1.Themes.csproj", "{A3712ED9-A387-4774-BF4F-6A10D4BE901B}"
EndProject
Project("{2150E333-8FDC-42A3-9474-1A3956D46DE8}") = "LabWorking08", "LabWorking08", "{84593A60-96B1-48B0-9CE9-4FEAD572CF90}"
EndProject
Project("{2150E333-8FDC-42A3-9474-1A3956D46DE8}") = "LabWorking09", "LabWorking09", "{5B24A528-BEF5-4A24-A885-3559FBE2AFD2}"
EndProject
Project("{FAE04EC0-301F-11D3-BF4B-00C04F79EFBC}") = "Exercise1.DataBinding", "LabWorking8\Exercise1.DataBinding\Exercise1.DataBinding.csproj", "{AB3A1729-8E2F-4948-9DD4-FEDD57EF0696}"
EndProject
Project("{FAE04EC0-301F-11D3-BF4B-00C04F79EFBC}") = "Exercise1.BackgroundWorker", "LabWorking9\Exercise1.BackgroundWorker\Exercise1.BackgroundWorker.csproj", "{95ADCBD7-9965-498B-A251-0ABD8D244887}"
EndProject
Project("{FAE04EC0-301F-11D3-BF4B-00C04F79EFBC}") = "Exercise1.UsingElementsWPF", "LabWorking10\Exercise1.UsingElementsWPF\Exercise1.UsingElementsWPF.csproj", "{142ECEC0-AC95-426B-B5AF-3AE977B2EEA9}"
EndProject
Project("{FAE04EC0-301F-11D3-BF4B-00C04F79EFBC}") = "Exercise2.UserControl", "LabWorking10\Exercise2.UserControl\Exercise2.UserControl.csproj", "{5B4FDA7C-7ACA-45CF-9B5A-A87D14DDEE99}"
EndProject
Project("{FAE04EC0-301F-11D3-BF4B-00C04F79EFBC}") = "Exercise1.ApplicationPolygon", "LabWorking11\Exercise1.ApplicationPolygon\Exercise1.ApplicationPolygon.csproj", "{F78599EF-69A8-433D-9425-C9E56E97EBDB}"
EndProject
Project("{FAE04EC0-301F-11D3-BF4B-00C04F79EFBC}") = "Exercise2.Canvas", "LabWorking11\Exercise2.Canvas\Exercise2.Canvas.csproj", "{72209EED-1335-4C12-993D-CC41CF10F6D4}"
EndProject
Project("{FAE04EC0-301F-11D3-BF4B-00C04F79EFBC}") = "Laboratory1", "Laboratory1\Laboratory1.csproj", "{5BE3C1FC-823D-4331-B6D0-F99782F7CEE2}"
EndProject
Project("{FAE04EC0-301F-11D3-BF4B-00C04F79EFBC}") = "Exercise3.Toolkit", "LabWorking11\Exercise3.Toolkit\Exercise3.Toolkit.csproj", "{FB14B6C1-9EED-492E-926E-623F556F4EC2}"
EndProject
Project("{FAE04EC0-301F-11D3-BF4B-00C04F79EFBC}") = "Exercise1.WorkingWithParameters", "LabWorking12\Exercise1.WorkingWithParameters\Exercise1.WorkingWithParameters.csproj", "{D1CF6340-082A-459A-8DA7-92B925F73F31}"
EndProject
Project("{FAE04EC0-301F-11D3-BF4B-00C04F79EFBC}") = "Exercise1.WpfHello", "LabWorking1\Exercise1.WpfHello\Exercise1.WpfHello.csproj", "{93300FF6-AC31-4B26-A3CA-37BE838AB0A4}"
EndProject
Project("{FAE04EC0-301F-11D3-BF4B-00C04F79EFBC}") = "Exercise2.WorkingWithWindows", "LabWorking1\Exercise2.WorkingWithWindows\Exercise2.WorkingWithWindows.csproj", "{FCFE5ED6-16C7-4697-B0C8-46AAA0F39DD9}"
EndProject
Project("{FAE04EC0-301F-11D3-BF4B-00C04F79EFBC}") = "Exercise2.ResourceDictionary", "LabWorking7\Exercise2.ResourceDictionary\Exercise2.ResourceDictionary.csproj", "{992B649E-1BC1-4037-8639-F26E3A6C2D15}"
EndProject
Global
	GlobalSection(SolutionConfigurationPlatforms) = preSolution
		Debug|Any CPU = Debug|Any CPU
		Release|Any CPU = Release|Any CPU
	EndGlobalSection
	GlobalSection(ProjectConfigurationPlatforms) = postSolution
		{C6799426-5D6A-406A-AF8E-7B78254774B1}.Debug|Any CPU.ActiveCfg = Debug|Any CPU
		{C6799426-5D6A-406A-AF8E-7B78254774B1}.Debug|Any CPU.Build.0 = Debug|Any CPU
		{C6799426-5D6A-406A-AF8E-7B78254774B1}.Release|Any CPU.ActiveCfg = Release|Any CPU
		{C6799426-5D6A-406A-AF8E-7B78254774B1}.Release|Any CPU.Build.0 = Release|Any CPU
		{78B1012B-A152-4EE5-B6C9-8EF1D210C034}.Debug|Any CPU.ActiveCfg = Debug|Any CPU
		{78B1012B-A152-4EE5-B6C9-8EF1D210C034}.Debug|Any CPU.Build.0 = Debug|Any CPU
		{78B1012B-A152-4EE5-B6C9-8EF1D210C034}.Release|Any CPU.ActiveCfg = Release|Any CPU
		{78B1012B-A152-4EE5-B6C9-8EF1D210C034}.Release|Any CPU.Build.0 = Release|Any CPU
		{B7723D3D-AAA9-4961-897B-926A078CFA03}.Debug|Any CPU.ActiveCfg = Debug|Any CPU
		{B7723D3D-AAA9-4961-897B-926A078CFA03}.Debug|Any CPU.Build.0 = Debug|Any CPU
		{B7723D3D-AAA9-4961-897B-926A078CFA03}.Release|Any CPU.ActiveCfg = Release|Any CPU
		{B7723D3D-AAA9-4961-897B-926A078CFA03}.Release|Any CPU.Build.0 = Release|Any CPU
		{EF94D568-32C6-497D-8125-3EB0E471B12A}.Debug|Any CPU.ActiveCfg = Debug|Any CPU
		{EF94D568-32C6-497D-8125-3EB0E471B12A}.Debug|Any CPU.Build.0 = Debug|Any CPU
		{EF94D568-32C6-497D-8125-3EB0E471B12A}.Release|Any CPU.ActiveCfg = Release|Any CPU
		{EF94D568-32C6-497D-8125-3EB0E471B12A}.Release|Any CPU.Build.0 = Release|Any CPU
		{6B8C78AB-5D89-4BEE-9231-6EA32EAB40BC}.Debug|Any CPU.ActiveCfg = Debug|Any CPU
		{6B8C78AB-5D89-4BEE-9231-6EA32EAB40BC}.Debug|Any CPU.Build.0 = Debug|Any CPU
		{6B8C78AB-5D89-4BEE-9231-6EA32EAB40BC}.Release|Any CPU.ActiveCfg = Release|Any CPU
		{6B8C78AB-5D89-4BEE-9231-6EA32EAB40BC}.Release|Any CPU.Build.0 = Release|Any CPU
		{B1E85C6C-623B-461B-B11A-BFDCB8B6A863}.Debug|Any CPU.ActiveCfg = Debug|Any CPU
		{B1E85C6C-623B-461B-B11A-BFDCB8B6A863}.Debug|Any CPU.Build.0 = Debug|Any CPU
		{B1E85C6C-623B-461B-B11A-BFDCB8B6A863}.Release|Any CPU.ActiveCfg = Release|Any CPU
		{B1E85C6C-623B-461B-B11A-BFDCB8B6A863}.Release|Any CPU.Build.0 = Release|Any CPU
		{0FB4BD0C-32CE-48FF-8D9E-EB45081D19EA}.Debug|Any CPU.ActiveCfg = Debug|Any CPU
		{0FB4BD0C-32CE-48FF-8D9E-EB45081D19EA}.Debug|Any CPU.Build.0 = Debug|Any CPU
		{0FB4BD0C-32CE-48FF-8D9E-EB45081D19EA}.Release|Any CPU.ActiveCfg = Release|Any CPU
		{0FB4BD0C-32CE-48FF-8D9E-EB45081D19EA}.Release|Any CPU.Build.0 = Release|Any CPU
		{FA75F5B4-E097-490E-8E43-FFC52B5540A3}.Debug|Any CPU.ActiveCfg = Debug|Any CPU
		{FA75F5B4-E097-490E-8E43-FFC52B5540A3}.Debug|Any CPU.Build.0 = Debug|Any CPU
		{FA75F5B4-E097-490E-8E43-FFC52B5540A3}.Release|Any CPU.ActiveCfg = Release|Any CPU
		{FA75F5B4-E097-490E-8E43-FFC52B5540A3}.Release|Any CPU.Build.0 = Release|Any CPU
		{E37D28D8-D7D5-4752-9037-CC73480E9DD2}.Debug|Any CPU.ActiveCfg = Debug|Any CPU
		{E37D28D8-D7D5-4752-9037-CC73480E9DD2}.Debug|Any CPU.Build.0 = Debug|Any CPU
		{E37D28D8-D7D5-4752-9037-CC73480E9DD2}.Release|Any CPU.ActiveCfg = Release|Any CPU
		{E37D28D8-D7D5-4752-9037-CC73480E9DD2}.Release|Any CPU.Build.0 = Release|Any CPU
		{F02AE086-31DD-4ED3-BEBA-A1D152977FFE}.Debug|Any CPU.ActiveCfg = Debug|Any CPU
		{F02AE086-31DD-4ED3-BEBA-A1D152977FFE}.Debug|Any CPU.Build.0 = Debug|Any CPU
		{F02AE086-31DD-4ED3-BEBA-A1D152977FFE}.Release|Any CPU.ActiveCfg = Release|Any CPU
		{F02AE086-31DD-4ED3-BEBA-A1D152977FFE}.Release|Any CPU.Build.0 = Release|Any CPU
		{51D4BB7E-C21D-456A-AEBD-8C26DD62418F}.Debug|Any CPU.ActiveCfg = Debug|Any CPU
		{51D4BB7E-C21D-456A-AEBD-8C26DD62418F}.Debug|Any CPU.Build.0 = Debug|Any CPU
		{51D4BB7E-C21D-456A-AEBD-8C26DD62418F}.Release|Any CPU.ActiveCfg = Release|Any CPU
		{51D4BB7E-C21D-456A-AEBD-8C26DD62418F}.Release|Any CPU.Build.0 = Release|Any CPU
		{0AF7F870-2DE4-466C-9EC1-20B57B8BAF33}.Debug|Any CPU.ActiveCfg = Debug|Any CPU
		{0AF7F870-2DE4-466C-9EC1-20B57B8BAF33}.Debug|Any CPU.Build.0 = Debug|Any CPU
		{0AF7F870-2DE4-466C-9EC1-20B57B8BAF33}.Release|Any CPU.ActiveCfg = Release|Any CPU
		{0AF7F870-2DE4-466C-9EC1-20B57B8BAF33}.Release|Any CPU.Build.0 = Release|Any CPU
		{A3712ED9-A387-4774-BF4F-6A10D4BE901B}.Debug|Any CPU.ActiveCfg = Debug|Any CPU
		{A3712ED9-A387-4774-BF4F-6A10D4BE901B}.Debug|Any CPU.Build.0 = Debug|Any CPU
		{A3712ED9-A387-4774-BF4F-6A10D4BE901B}.Release|Any CPU.ActiveCfg = Release|Any CPU
		{A3712ED9-A387-4774-BF4F-6A10D4BE901B}.Release|Any CPU.Build.0 = Release|Any CPU
		{AB3A1729-8E2F-4948-9DD4-FEDD57EF0696}.Debug|Any CPU.ActiveCfg = Debug|Any CPU
		{AB3A1729-8E2F-4948-9DD4-FEDD57EF0696}.Debug|Any CPU.Build.0 = Debug|Any CPU
		{AB3A1729-8E2F-4948-9DD4-FEDD57EF0696}.Release|Any CPU.ActiveCfg = Release|Any CPU
		{AB3A1729-8E2F-4948-9DD4-FEDD57EF0696}.Release|Any CPU.Build.0 = Release|Any CPU
		{95ADCBD7-9965-498B-A251-0ABD8D244887}.Debug|Any CPU.ActiveCfg = Debug|Any CPU
		{95ADCBD7-9965-498B-A251-0ABD8D244887}.Debug|Any CPU.Build.0 = Debug|Any CPU
		{95ADCBD7-9965-498B-A251-0ABD8D244887}.Release|Any CPU.ActiveCfg = Release|Any CPU
		{95ADCBD7-9965-498B-A251-0ABD8D244887}.Release|Any CPU.Build.0 = Release|Any CPU
		{142ECEC0-AC95-426B-B5AF-3AE977B2EEA9}.Debug|Any CPU.ActiveCfg = Debug|Any CPU
		{142ECEC0-AC95-426B-B5AF-3AE977B2EEA9}.Debug|Any CPU.Build.0 = Debug|Any CPU
		{142ECEC0-AC95-426B-B5AF-3AE977B2EEA9}.Release|Any CPU.ActiveCfg = Release|Any CPU
		{142ECEC0-AC95-426B-B5AF-3AE977B2EEA9}.Release|Any CPU.Build.0 = Release|Any CPU
		{5B4FDA7C-7ACA-45CF-9B5A-A87D14DDEE99}.Debug|Any CPU.ActiveCfg = Debug|Any CPU
		{5B4FDA7C-7ACA-45CF-9B5A-A87D14DDEE99}.Debug|Any CPU.Build.0 = Debug|Any CPU
		{5B4FDA7C-7ACA-45CF-9B5A-A87D14DDEE99}.Release|Any CPU.ActiveCfg = Release|Any CPU
		{5B4FDA7C-7ACA-45CF-9B5A-A87D14DDEE99}.Release|Any CPU.Build.0 = Release|Any CPU
		{F78599EF-69A8-433D-9425-C9E56E97EBDB}.Debug|Any CPU.ActiveCfg = Debug|Any CPU
		{F78599EF-69A8-433D-9425-C9E56E97EBDB}.Debug|Any CPU.Build.0 = Debug|Any CPU
		{F78599EF-69A8-433D-9425-C9E56E97EBDB}.Release|Any CPU.ActiveCfg = Release|Any CPU
		{F78599EF-69A8-433D-9425-C9E56E97EBDB}.Release|Any CPU.Build.0 = Release|Any CPU
		{72209EED-1335-4C12-993D-CC41CF10F6D4}.Debug|Any CPU.ActiveCfg = Debug|Any CPU
		{72209EED-1335-4C12-993D-CC41CF10F6D4}.Debug|Any CPU.Build.0 = Debug|Any CPU
		{72209EED-1335-4C12-993D-CC41CF10F6D4}.Release|Any CPU.ActiveCfg = Release|Any CPU
		{72209EED-1335-4C12-993D-CC41CF10F6D4}.Release|Any CPU.Build.0 = Release|Any CPU
		{5BE3C1FC-823D-4331-B6D0-F99782F7CEE2}.Debug|Any CPU.ActiveCfg = Debug|Any CPU
		{5BE3C1FC-823D-4331-B6D0-F99782F7CEE2}.Debug|Any CPU.Build.0 = Debug|Any CPU
		{5BE3C1FC-823D-4331-B6D0-F99782F7CEE2}.Release|Any CPU.ActiveCfg = Release|Any CPU
		{5BE3C1FC-823D-4331-B6D0-F99782F7CEE2}.Release|Any CPU.Build.0 = Release|Any CPU
		{FB14B6C1-9EED-492E-926E-623F556F4EC2}.Debug|Any CPU.ActiveCfg = Debug|Any CPU
		{FB14B6C1-9EED-492E-926E-623F556F4EC2}.Debug|Any CPU.Build.0 = Debug|Any CPU
		{FB14B6C1-9EED-492E-926E-623F556F4EC2}.Release|Any CPU.ActiveCfg = Release|Any CPU
		{FB14B6C1-9EED-492E-926E-623F556F4EC2}.Release|Any CPU.Build.0 = Release|Any CPU
		{D1CF6340-082A-459A-8DA7-92B925F73F31}.Debug|Any CPU.ActiveCfg = Debug|Any CPU
		{D1CF6340-082A-459A-8DA7-92B925F73F31}.Debug|Any CPU.Build.0 = Debug|Any CPU
		{D1CF6340-082A-459A-8DA7-92B925F73F31}.Release|Any CPU.ActiveCfg = Release|Any CPU
		{D1CF6340-082A-459A-8DA7-92B925F73F31}.Release|Any CPU.Build.0 = Release|Any CPU
		{93300FF6-AC31-4B26-A3CA-37BE838AB0A4}.Debug|Any CPU.ActiveCfg = Debug|Any CPU
		{93300FF6-AC31-4B26-A3CA-37BE838AB0A4}.Debug|Any CPU.Build.0 = Debug|Any CPU
		{93300FF6-AC31-4B26-A3CA-37BE838AB0A4}.Release|Any CPU.ActiveCfg = Release|Any CPU
		{93300FF6-AC31-4B26-A3CA-37BE838AB0A4}.Release|Any CPU.Build.0 = Release|Any CPU
		{FCFE5ED6-16C7-4697-B0C8-46AAA0F39DD9}.Debug|Any CPU.ActiveCfg = Debug|Any CPU
		{FCFE5ED6-16C7-4697-B0C8-46AAA0F39DD9}.Debug|Any CPU.Build.0 = Debug|Any CPU
		{FCFE5ED6-16C7-4697-B0C8-46AAA0F39DD9}.Release|Any CPU.ActiveCfg = Release|Any CPU
		{FCFE5ED6-16C7-4697-B0C8-46AAA0F39DD9}.Release|Any CPU.Build.0 = Release|Any CPU
		{992B649E-1BC1-4037-8639-F26E3A6C2D15}.Debug|Any CPU.ActiveCfg = Debug|Any CPU
		{992B649E-1BC1-4037-8639-F26E3A6C2D15}.Debug|Any CPU.Build.0 = Debug|Any CPU
		{992B649E-1BC1-4037-8639-F26E3A6C2D15}.Release|Any CPU.ActiveCfg = Release|Any CPU
		{992B649E-1BC1-4037-8639-F26E3A6C2D15}.Release|Any CPU.Build.0 = Release|Any CPU
	EndGlobalSection
	GlobalSection(SolutionProperties) = preSolution
		HideSolutionNode = FALSE
	EndGlobalSection
	GlobalSection(NestedProjects) = preSolution
		{C6799426-5D6A-406A-AF8E-7B78254774B1} = {52A545CA-B6B9-4063-ABF2-A6511783D9A8}
		{78B1012B-A152-4EE5-B6C9-8EF1D210C034} = {33D2654F-CD91-4335-903B-108644DF1D25}
		{B7723D3D-AAA9-4961-897B-926A078CFA03} = {33D2654F-CD91-4335-903B-108644DF1D25}
		{EF94D568-32C6-497D-8125-3EB0E471B12A} = {0DE0B794-41E0-4A54-A60B-9EDEBBCA6195}
		{6B8C78AB-5D89-4BEE-9231-6EA32EAB40BC} = {0DE0B794-41E0-4A54-A60B-9EDEBBCA6195}
		{B1E85C6C-623B-461B-B11A-BFDCB8B6A863} = {0DE0B794-41E0-4A54-A60B-9EDEBBCA6195}
		{0FB4BD0C-32CE-48FF-8D9E-EB45081D19EA} = {8F5D92CE-A4CD-4033-BADA-ED78FD5814B9}
		{FA75F5B4-E097-490E-8E43-FFC52B5540A3} = {8F5D92CE-A4CD-4033-BADA-ED78FD5814B9}
		{E37D28D8-D7D5-4752-9037-CC73480E9DD2} = {1E9BD57D-12AE-4B3A-839C-E6A4EF7EDE22}
		{F02AE086-31DD-4ED3-BEBA-A1D152977FFE} = {1E9BD57D-12AE-4B3A-839C-E6A4EF7EDE22}
		{51D4BB7E-C21D-456A-AEBD-8C26DD62418F} = {6C80AE0B-94AF-4170-9462-51AD7B533177}
		{0AF7F870-2DE4-466C-9EC1-20B57B8BAF33} = {6C80AE0B-94AF-4170-9462-51AD7B533177}
		{A3712ED9-A387-4774-BF4F-6A10D4BE901B} = {38454909-B640-4C53-AD28-348E17926CD5}
		{AB3A1729-8E2F-4948-9DD4-FEDD57EF0696} = {84593A60-96B1-48B0-9CE9-4FEAD572CF90}
		{95ADCBD7-9965-498B-A251-0ABD8D244887} = {5B24A528-BEF5-4A24-A885-3559FBE2AFD2}
		{142ECEC0-AC95-426B-B5AF-3AE977B2EEA9} = {3BEA152B-BCC6-4E27-B471-CCD54FBEE667}
		{5B4FDA7C-7ACA-45CF-9B5A-A87D14DDEE99} = {3BEA152B-BCC6-4E27-B471-CCD54FBEE667}
		{F78599EF-69A8-433D-9425-C9E56E97EBDB} = {54B53483-232A-4B17-845F-F55BA657A608}
		{72209EED-1335-4C12-993D-CC41CF10F6D4} = {54B53483-232A-4B17-845F-F55BA657A608}
		{FB14B6C1-9EED-492E-926E-623F556F4EC2} = {54B53483-232A-4B17-845F-F55BA657A608}
		{D1CF6340-082A-459A-8DA7-92B925F73F31} = {73972DF7-4D40-470E-9702-D28436665DA6}
		{93300FF6-AC31-4B26-A3CA-37BE838AB0A4} = {52A545CA-B6B9-4063-ABF2-A6511783D9A8}
		{FCFE5ED6-16C7-4697-B0C8-46AAA0F39DD9} = {52A545CA-B6B9-4063-ABF2-A6511783D9A8}
		{992B649E-1BC1-4037-8639-F26E3A6C2D15} = {38454909-B640-4C53-AD28-348E17926CD5}
	EndGlobalSection
	GlobalSection(ExtensibilityGlobals) = postSolution
		SolutionGuid = {706B18D4-6313-4D1A-8C1C-046F439EFA55}
	EndGlobalSection
EndGlobal
